
Microsoft Visual Studio Solution File, Format Version 12.00
# Visual Studio Version 16
VisualStudioVersion = 16.0.31112.23
MinimumVisualStudioVersion = 10.0.40219.1
Project("{FAE04EC0-301F-11D3-BF4B-00C04F79EFBC}") = "question 53", "question 53.csproj", "{12AD407C-FD6C-482D-B1D9-F731DB7B2EAB}"
EndProject
Global
	GlobalSection(SolutionConfigurationPlatforms) = preSolution
		Debug|Any CPU = Debug|Any CPU
		Release|Any CPU = Release|Any CPU
	EndGlobalSection
	GlobalSection(ProjectConfigurationPlatforms) = postSolution
		{12AD407C-FD6C-482D-B1D9-F731DB7B2EAB}.Debug|Any CPU.ActiveCfg = Debug|Any CPU
		{12AD407C-FD6C-482D-B1D9-F731DB7B2EAB}.Debug|Any CPU.Build.0 = Debug|Any CPU
		{12AD407C-FD6C-482D-B1D9-F731DB7B2EAB}.Release|Any CPU.ActiveCfg = Release|Any CPU
		{12AD407C-FD6C-482D-B1D9-F731DB7B2EAB}.Release|Any CPU.Build.0 = Release|Any CPU
	EndGlobalSection
	GlobalSection(SolutionProperties) = preSolution
		HideSolutionNode = FALSE
	EndGlobalSection
	GlobalSection(ExtensibilityGlobals) = postSolution
		SolutionGuid = {F86047B4-AE33-411E-820A-613A42DE255A}
	EndGlobalSection
EndGlobal
